
Microsoft Visual Studio Solution File, Format Version 12.00
# Visual Studio Version 16
VisualStudioVersion = 16.0.29613.14
MinimumVisualStudioVersion = 10.0.40219.1
Project("{FAE04EC0-301F-11D3-BF4B-00C04F79EFBC}") = "ControlSamples.Android", "ControlSamples\ControlSamples.Android\ControlSamples.Android.csproj", "{5B405627-89D0-4FF4-8787-22ADE6455C8A}"
EndProject
Project("{FAE04EC0-301F-11D3-BF4B-00C04F79EFBC}") = "ControlSamples.iOS", "ControlSamples\ControlSamples.iOS\ControlSamples.iOS.csproj", "{EBF6E423-B578-4A0A-A77B-F4C96983BB7B}"
EndProject
Project("{FAE04EC0-301F-11D3-BF4B-00C04F79EFBC}") = "ControlSamples", "ControlSamples\ControlSamples\ControlSamples.csproj", "{DAE5AB37-F2EB-4D5C-B89B-BBB03FCF96F0}"
EndProject
Global
	GlobalSection(SolutionConfigurationPlatforms) = preSolution
		Debug|Any CPU = Debug|Any CPU
		Debug|iPhone = Debug|iPhone
		Debug|iPhoneSimulator = Debug|iPhoneSimulator
		Release|Any CPU = Release|Any CPU
		Release|iPhone = Release|iPhone
		Release|iPhoneSimulator = Release|iPhoneSimulator
	EndGlobalSection
	GlobalSection(ProjectConfigurationPlatforms) = postSolution
		{5B405627-89D0-4FF4-8787-22ADE6455C8A}.Debug|Any CPU.ActiveCfg = Debug|Any CPU
		{5B405627-89D0-4FF4-8787-22ADE6455C8A}.Debug|Any CPU.Build.0 = Debug|Any CPU
		{5B405627-89D0-4FF4-8787-22ADE6455C8A}.Debug|Any CPU.Deploy.0 = Debug|Any CPU
		{5B405627-89D0-4FF4-8787-22ADE6455C8A}.Debug|iPhone.ActiveCfg = Debug|Any CPU
		{5B405627-89D0-4FF4-8787-22ADE6455C8A}.Debug|iPhone.Build.0 = Debug|Any CPU
		{5B405627-89D0-4FF4-8787-22ADE6455C8A}.Debug|iPhone.Deploy.0 = Debug|Any CPU
		{5B405627-89D0-4FF4-8787-22ADE6455C8A}.Debug|iPhoneSimulator.ActiveCfg = Debug|Any CPU
		{5B405627-89D0-4FF4-8787-22ADE6455C8A}.Debug|iPhoneSimulator.Build.0 = Debug|Any CPU
		{5B405627-89D0-4FF4-8787-22ADE6455C8A}.Debug|iPhoneSimulator.Deploy.0 = Debug|Any CPU
		{5B405627-89D0-4FF4-8787-22ADE6455C8A}.Release|Any CPU.ActiveCfg = Release|Any CPU
		{5B405627-89D0-4FF4-8787-22ADE6455C8A}.Release|Any CPU.Build.0 = Release|Any CPU
		{5B405627-89D0-4FF4-8787-22ADE6455C8A}.Release|Any CPU.Deploy.0 = Release|Any CPU
		{5B405627-89D0-4FF4-8787-22ADE6455C8A}.Release|iPhone.ActiveCfg = Release|Any CPU
		{5B405627-89D0-4FF4-8787-22ADE6455C8A}.Release|iPhone.Build.0 = Release|Any CPU
		{5B405627-89D0-4FF4-8787-22ADE6455C8A}.Release|iPhone.Deploy.0 = Release|Any CPU
		{5B405627-89D0-4FF4-8787-22ADE6455C8A}.Release|iPhoneSimulator.ActiveCfg = Release|Any CPU
		{5B405627-89D0-4FF4-8787-22ADE6455C8A}.Release|iPhoneSimulator.Build.0 = Release|Any CPU
		{5B405627-89D0-4FF4-8787-22ADE6455C8A}.Release|iPhoneSimulator.Deploy.0 = Release|Any CPU
		{EBF6E423-B578-4A0A-A77B-F4C96983BB7B}.Debug|Any CPU.ActiveCfg = Debug|iPhoneSimulator
		{EBF6E423-B578-4A0A-A77B-F4C96983BB7B}.Debug|Any CPU.Build.0 = Debug|iPhoneSimulator
		{EBF6E423-B578-4A0A-A77B-F4C96983BB7B}.Debug|Any CPU.Deploy.0 = Debug|iPhoneSimulator
		{EBF6E423-B578-4A0A-A77B-F4C96983BB7B}.Debug|iPhone.ActiveCfg = Debug|iPhone
		{EBF6E423-B578-4A0A-A77B-F4C96983BB7B}.Debug|iPhone.Build.0 = Debug|iPhone
		{EBF6E423-B578-4A0A-A77B-F4C96983BB7B}.Debug|iPhone.Deploy.0 = Debug|iPhone
		{EBF6E423-B578-4A0A-A77B-F4C96983BB7B}.Debug|iPhoneSimulator.ActiveCfg = Debug|iPhoneSimulator
		{EBF6E423-B578-4A0A-A77B-F4C96983BB7B}.Debug|iPhoneSimulator.Build.0 = Debug|iPhoneSimulator
		{EBF6E423-B578-4A0A-A77B-F4C96983BB7B}.Debug|iPhoneSimulator.Deploy.0 = Debug|iPhoneSimulator
		{EBF6E423-B578-4A0A-A77B-F4C96983BB7B}.Release|Any CPU.ActiveCfg = Release|iPhone
		{EBF6E423-B578-4A0A-A77B-F4C96983BB7B}.Release|Any CPU.Build.0 = Release|iPhone
		{EBF6E423-B578-4A0A-A77B-F4C96983BB7B}.Release|Any CPU.Deploy.0 = Release|iPhone
		{EBF6E423-B578-4A0A-A77B-F4C96983BB7B}.Release|iPhone.ActiveCfg = Release|iPhone
		{EBF6E423-B578-4A0A-A77B-F4C96983BB7B}.Release|iPhone.Build.0 = Release|iPhone
		{EBF6E423-B578-4A0A-A77B-F4C96983BB7B}.Release|iPhone.Deploy.0 = Release|iPhone
		{EBF6E423-B578-4A0A-A77B-F4C96983BB7B}.Release|iPhoneSimulator.ActiveCfg = Release|iPhoneSimulator
		{EBF6E423-B578-4A0A-A77B-F4C96983BB7B}.Release|iPhoneSimulator.Build.0 = Release|iPhoneSimulator
		{EBF6E423-B578-4A0A-A77B-F4C96983BB7B}.Release|iPhoneSimulator.Deploy.0 = Release|iPhoneSimulator
		{DAE5AB37-F2EB-4D5C-B89B-BBB03FCF96F0}.Debug|Any CPU.ActiveCfg = Debug|Any CPU
		{DAE5AB37-F2EB-4D5C-B89B-BBB03FCF96F0}.Debug|Any CPU.Build.0 = Debug|Any CPU
		{DAE5AB37-F2EB-4D5C-B89B-BBB03FCF96F0}.Debug|Any CPU.Deploy.0 = Debug|Any CPU
		{DAE5AB37-F2EB-4D5C-B89B-BBB03FCF96F0}.Debug|iPhone.ActiveCfg = Debug|Any CPU
		{DAE5AB37-F2EB-4D5C-B89B-BBB03FCF96F0}.Debug|iPhone.Build.0 = Debug|Any CPU
		{DAE5AB37-F2EB-4D5C-B89B-BBB03FCF96F0}.Debug|iPhone.Deploy.0 = Debug|Any CPU
		{DAE5AB37-F2EB-4D5C-B89B-BBB03FCF96F0}.Debug|iPhoneSimulator.ActiveCfg = Debug|Any CPU
		{DAE5AB37-F2EB-4D5C-B89B-BBB03FCF96F0}.Debug|iPhoneSimulator.Build.0 = Debug|Any CPU
		{DAE5AB37-F2EB-4D5C-B89B-BBB03FCF96F0}.Debug|iPhoneSimulator.Deploy.0 = Debug|Any CPU
		{DAE5AB37-F2EB-4D5C-B89B-BBB03FCF96F0}.Release|Any CPU.ActiveCfg = Release|Any CPU
		{DAE5AB37-F2EB-4D5C-B89B-BBB03FCF96F0}.Release|Any CPU.Build.0 = Release|Any CPU
		{DAE5AB37-F2EB-4D5C-B89B-BBB03FCF96F0}.Release|Any CPU.Deploy.0 = Release|Any CPU
		{DAE5AB37-F2EB-4D5C-B89B-BBB03FCF96F0}.Release|iPhone.ActiveCfg = Release|Any CPU
		{DAE5AB37-F2EB-4D5C-B89B-BBB03FCF96F0}.Release|iPhone.Build.0 = Release|Any CPU
		{DAE5AB37-F2EB-4D5C-B89B-BBB03FCF96F0}.Release|iPhone.Deploy.0 = Release|Any CPU
		{DAE5AB37-F2EB-4D5C-B89B-BBB03FCF96F0}.Release|iPhoneSimulator.ActiveCfg = Release|Any CPU
		{DAE5AB37-F2EB-4D5C-B89B-BBB03FCF96F0}.Release|iPhoneSimulator.Build.0 = Release|Any CPU
		{DAE5AB37-F2EB-4D5C-B89B-BBB03FCF96F0}.Release|iPhoneSimulator.Deploy.0 = Release|Any CPU
	EndGlobalSection
	GlobalSection(SolutionProperties) = preSolution
		HideSolutionNode = FALSE
	EndGlobalSection
	GlobalSection(ExtensibilityGlobals) = postSolution
		SolutionGuid = {89FA7821-845B-46F7-AE0B-007E04313C05}
	EndGlobalSection
EndGlobal
